
Microsoft Visual Studio Solution File, Format Version 12.00
# Visual Studio Version 17
VisualStudioVersion = 17.5.002.0
MinimumVisualStudioVersion = 10.0.40219.1
Project("{9A19103F-16F7-4668-BE54-9A1E7A4F7556}") = "DesafioFundamentos", "DesafioFundamentos\DesafioFundamentos.csproj", "{F81CB5D7-6F68-4996-BF59-0AA0614A6B4E}"
EndProject
Global
	GlobalSection(SolutionConfigurationPlatforms) = preSolution
		Debug|Any CPU = Debug|Any CPU
		Release|Any CPU = Release|Any CPU
	EndGlobalSection
	GlobalSection(ProjectConfigurationPlatforms) = postSolution
		{F81CB5D7-6F68-4996-BF59-0AA0614A6B4E}.Debug|Any CPU.ActiveCfg = Debug|Any CPU
		{F81CB5D7-6F68-4996-BF59-0AA0614A6B4E}.Debug|Any CPU.Build.0 = Debug|Any CPU
		{F81CB5D7-6F68-4996-BF59-0AA0614A6B4E}.Release|Any CPU.ActiveCfg = Release|Any CPU
		{F81CB5D7-6F68-4996-BF59-0AA0614A6B4E}.Release|Any CPU.Build.0 = Release|Any CPU
	EndGlobalSection
	GlobalSection(SolutionProperties) = preSolution
		HideSolutionNode = FALSE
	EndGlobalSection
	GlobalSection(ExtensibilityGlobals) = postSolution
		SolutionGuid = {5AFE085F-FED4-46A9-BC49-AEF047113833}
	EndGlobalSection
EndGlobal
